
Microsoft Visual Studio Solution File, Format Version 12.00
# Visual Studio Version 17
VisualStudioVersion = 17.5.33530.505
MinimumVisualStudioVersion = 10.0.40219.1
Project("{FAE04EC0-301F-11D3-BF4B-00C04F79EFBC}") = "Facebook Integration", "Facebook Integration.csproj", "{742FCB77-7EA6-4A54-BD6F-5688835FF86B}"
EndProject
Global
	GlobalSection(SolutionConfigurationPlatforms) = preSolution
		Debug|Any CPU = Debug|Any CPU
		Release|Any CPU = Release|Any CPU
	EndGlobalSection
	GlobalSection(ProjectConfigurationPlatforms) = postSolution
		{742FCB77-7EA6-4A54-BD6F-5688835FF86B}.Debug|Any CPU.ActiveCfg = Debug|Any CPU
		{742FCB77-7EA6-4A54-BD6F-5688835FF86B}.Debug|Any CPU.Build.0 = Debug|Any CPU
		{742FCB77-7EA6-4A54-BD6F-5688835FF86B}.Release|Any CPU.ActiveCfg = Release|Any CPU
		{742FCB77-7EA6-4A54-BD6F-5688835FF86B}.Release|Any CPU.Build.0 = Release|Any CPU
	EndGlobalSection
	GlobalSection(SolutionProperties) = preSolution
		HideSolutionNode = FALSE
	EndGlobalSection
	GlobalSection(ExtensibilityGlobals) = postSolution
		SolutionGuid = {524892FB-9285-486D-BC1E-6A613E032821}
	EndGlobalSection
EndGlobal
